
Microsoft Visual Studio Solution File, Format Version 12.00
# Visual Studio Version 16
VisualStudioVersion = 16.0.809.4
MinimumVisualStudioVersion = 10.0.40219.1
Project("{FAE04EC0-301F-11D3-BF4B-00C04F79EFBC}") = "immunization-api", "src\immunization-api.csproj", "{FD66138C-0552-4917-93BA-0878DDE7D824}"
EndProject
Global
	GlobalSection(SolutionConfigurationPlatforms) = preSolution
		Debug|Any CPU = Debug|Any CPU
		Release|Any CPU = Release|Any CPU
	EndGlobalSection
	GlobalSection(ProjectConfigurationPlatforms) = postSolution
		{FD66138C-0552-4917-93BA-0878DDE7D824}.Debug|Any CPU.ActiveCfg = Debug|Any CPU
		{FD66138C-0552-4917-93BA-0878DDE7D824}.Debug|Any CPU.Build.0 = Debug|Any CPU
		{FD66138C-0552-4917-93BA-0878DDE7D824}.Release|Any CPU.ActiveCfg = Release|Any CPU
		{FD66138C-0552-4917-93BA-0878DDE7D824}.Release|Any CPU.Build.0 = Release|Any CPU
	EndGlobalSection
	GlobalSection(SolutionProperties) = preSolution
		HideSolutionNode = FALSE
	EndGlobalSection
	GlobalSection(ExtensibilityGlobals) = postSolution
		SolutionGuid = {F2DC8ED4-E8BE-40B1-86FB-64CE84F718B6}
	EndGlobalSection
EndGlobal
